// !$*UTF8*$!
{
	archiveVersion = 1;
	classes = {
	};
	objectVersion = 48;
	objects = {

/* Begin PBXBuildFile section */
		2A882718202AC7FE00209403 /* AppDelegate.swift in Sources */ = {isa = PBXBuildFile; fileRef = 2A882717202AC7FE00209403 /* AppDelegate.swift */; };
		2A88271A202AC7FE00209403 /* ViewController.swift in Sources */ = {isa = PBXBuildFile; fileRef = 2A882719202AC7FE00209403 /* ViewController.swift */; };
		2A88271D202AC7FE00209403 /* Main.storyboard in Resources */ = {isa = PBXBuildFile; fileRef = 2A88271B202AC7FE00209403 /* Main.storyboard */; };
		2A88271F202AC7FE00209403 /* Assets.xcassets in Resources */ = {isa = PBXBuildFile; fileRef = 2A88271E202AC7FE00209403 /* Assets.xcassets */; };
		2A882722202AC7FE00209403 /* LaunchScreen.storyboard in Resources */ = {isa = PBXBuildFile; fileRef = 2A882720202AC7FE00209403 /* LaunchScreen.storyboard */; };
		2A88272B202AC87C00209403 /* PlaceholerTextView.swift in Sources */ = {isa = PBXBuildFile; fileRef = 2A88272A202AC87C00209403 /* PlaceholerTextView.swift */; };
/* End PBXBuildFile section */

/* Begin PBXFileReference section */
		2A882714202AC7FE00209403 /* PlaceholderTextView.app */ = {isa = PBXFileReference; explicitFileType = wrapper.application; includeInIndex = 0; path = PlaceholderTextView.app; sourceTree = BUILT_PRODUCTS_DIR; };
		2A882717202AC7FE00209403 /* AppDelegate.swift */ = {isa = PBXFileReference; lastKnownFileType = sourcecode.swift; path = AppDelegate.swift; sourceTree = "<group>"; };
		2A882719202AC7FE00209403 /* ViewController.swift */ = {isa = PBXFileReference; lastKnownFileType = sourcecode.swift; path = ViewController.swift; sourceTree = "<group>"; };
		2A88271C202AC7FE00209403 /* Base */ = {isa = PBXFileReference; lastKnownFileType = file.storyboard; name = Base; path = Base.lproj/Main.storyboard; sourceTree = "<group>"; };
		2A88271E202AC7FE00209403 /* Assets.xcassets */ = {isa = PBXFileReference; lastKnownFileType = folder.assetcatalog; path = Assets.xcassets; sourceTree = "<group>"; };
		2A882721202AC7FE00209403 /* Base */ = {isa = PBXFileReference; lastKnownFileType = file.storyboard; name = Base; path = Base.lproj/LaunchScreen.storyboard; sourceTree = "<group>"; };
		2A882723202AC7FE00209403 /* Info.plist */ = {isa = PBXFileReference; lastKnownFileType = text.plist.xml; path = Info.plist; sourceTree = "<group>"; };
		2A88272A202AC87C00209403 /* PlaceholerTextView.swift */ = {isa = PBXFileReference; lastKnownFileType = sourcecode.swift; path = PlaceholerTextView.swift; sourceTree = "<group>"; };
/* End PBXFileReference section */

/* Begin PBXFrameworksBuildPhase section */
		2A882711202AC7FE00209403 /* Frameworks */ = {
			isa = PBXFrameworksBuildPhase;
			buildActionMask = 2147483647;
			files = (
			);
			runOnlyForDeploymentPostprocessing = 0;
		};
/* End PBXFrameworksBuildPhase section */

/* Begin PBXGroup section */
		2A88270B202AC7FE00209403 = {
			isa = PBXGroup;
			children = (
				2A882716202AC7FE00209403 /* PlaceholderTextView */,
				2A882715202AC7FE00209403 /* Products */,
			);
			sourceTree = "<group>";
		};
		2A882715202AC7FE00209403 /* Products */ = {
			isa = PBXGroup;
			children = (
				2A882714202AC7FE00209403 /* PlaceholderTextView.app */,
			);
			name = Products;
			sourceTree = "<group>";
		};
		2A882716202AC7FE00209403 /* PlaceholderTextView */ = {
			isa = PBXGroup;
			children = (
				2A882729202AC80C00209403 /* PlaceholderTextView */,
				2A882717202AC7FE00209403 /* AppDelegate.swift */,
				2A882719202AC7FE00209403 /* ViewController.swift */,
				2A88271B202AC7FE00209403 /* Main.storyboard */,
				2A88271E202AC7FE00209403 /* Assets.xcassets */,
				2A882720202AC7FE00209403 /* LaunchScreen.storyboard */,
				2A882723202AC7FE00209403 /* Info.plist */,
			);
			path = PlaceholderTextView;
			sourceTree = "<group>";
		};
		2A882729202AC80C00209403 /* PlaceholderTextView */ = {
			isa = PBXGroup;
			children = (
				2A88272A202AC87C00209403 /* PlaceholerTextView.swift */,
			);
			path = PlaceholderTextView;
			sourceTree = "<group>";
		};
/* End PBXGroup section */

/* Begin PBXNativeTarget section */
		2A882713202AC7FE00209403 /* PlaceholderTextView */ = {
			isa = PBXNativeTarget;
			buildConfigurationList = 2A882726202AC7FE00209403 /* Build configuration list for PBXNativeTarget "PlaceholderTextView" */;
			buildPhases = (
				2A882710202AC7FE00209403 /* Sources */,
				2A882711202AC7FE00209403 /* Frameworks */,
				2A882712202AC7FE00209403 /* Resources */,
			);
			buildRules = (
			);
			dependencies = (
			);
			name = PlaceholderTextView;
			productName = PlaceholderTextView;
			productReference = 2A882714202AC7FE00209403 /* PlaceholderTextView.app */;
			productType = "com.apple.product-type.application";
		};
/* End PBXNativeTarget section */

/* Begin PBXProject section */
		2A88270C202AC7FE00209403 /* Project object */ = {
			isa = PBXProject;
			attributes = {
				LastSwiftUpdateCheck = 0920;
				LastUpgradeCheck = 0920;
				ORGANIZATIONNAME = "张宇";
				TargetAttributes = {
					2A882713202AC7FE00209403 = {
						CreatedOnToolsVersion = 9.2;
						ProvisioningStyle = Automatic;
					};
				};
			};
			buildConfigurationList = 2A88270F202AC7FE00209403 /* Build configuration list for PBXProject "PlaceholderTextView" */;
			compatibilityVersion = "Xcode 8.0";
			developmentRegion = en;
			hasScannedForEncodings = 0;
			knownRegions = (
				en,
				Base,
			);
			mainGroup = 2A88270B202AC7FE00209403;
			productRefGroup = 2A882715202AC7FE00209403 /* Products */;
			projectDirPath = "";
			projectRoot = "";
			targets = (
				2A882713202AC7FE00209403 /* PlaceholderTextView */,
			);
		};
/* End PBXProject section */

/* Begin PBXResourcesBuildPhase section */
		2A882712202AC7FE00209403 /* Resources */ = {
			isa = PBXResourcesBuildPhase;
			buildActionMask = 2147483647;
			files = (
				2A882722202AC7FE00209403 /* LaunchScreen.storyboard in Resources */,
				2A88271F202AC7FE00209403 /* Assets.xcassets in Resources */,
				2A88271D202AC7FE00209403 /* Main.storyboard in Resources */,
			);
			runOnlyForDeploymentPostprocessing = 0;
		};
/* End PBXResourcesBuildPhase section */

/* Begin PBXSourcesBuildPhase section */
		2A882710202AC7FE00209403 /* Sources */ = {
			isa = PBXSourcesBuildPhase;
			buildActionMask = 2147483647;
			files = (
				2A88272B202AC87C00209403 /* PlaceholerTextView.swift in Sources */,
				2A88271A202AC7FE00209403 /* ViewController.swift in Sources */,
				2A882718202AC7FE00209403 /* AppDelegate.swift in Sources */,
			);
			runOnlyForDeploymentPostprocessing = 0;
		};
/* End PBXSourcesBuildPhase section */

/* Begin PBXVariantGroup section */
		2A88271B202AC7FE00209403 /* Main.storyboard */ = {
			isa = PBXVariantGroup;
			children = (
				2A88271C202AC7FE00209403 /* Base */,
			);
			name = Main.storyboard;
			sourceTree = "<group>";
		};
		2A882720202AC7FE00209403 /* LaunchScreen.storyboard */ = {
			isa = PBXVariantGroup;
			children = (
				2A882721202AC7FE00209403 /* Base */,
			);
			name = LaunchScreen.storyboard;
			sourceTree = "<group>";
		};
/* End PBXVariantGroup section */

/* Begin XCBuildConfiguration section */
		2A882724202AC7FE00209403 /* Debug */ = {
			isa = XCBuildConfiguration;
			buildSettings = {
				ALWAYS_SEARCH_USER_PATHS = NO;
				CLANG_ANALYZER_NONNULL = YES;
				CLANG_ANALYZER_NUMBER_OBJECT_CONVERSION = YES_AGGRESSIVE;
				CLANG_CXX_LANGUAGE_STANDARD = "gnu++14";
				CLANG_CXX_LIBRARY = "libc++";
				CLANG_ENABLE_MODULES = YES;
				CLANG_ENABLE_OBJC_ARC = YES;
				CLANG_WARN_BLOCK_CAPTURE_AUTORELEASING = YES;
				CLANG_WARN_BOOL_CONVERSION = YES;
				CLANG_WARN_COMMA = YES;
				CLANG_WARN_CONSTANT_CONVERSION = YES;
				CLANG_WARN_DIRECT_OBJC_ISA_USAGE = YES_ERROR;
				CLANG_WARN_DOCUMENTATION_COMMENTS = YES;
				CLANG_WARN_EMPTY_BODY = YES;
				CLANG_WARN_ENUM_CONVERSION = YES;
				CLANG_WARN_INFINITE_RECURSION = YES;
				CLANG_WARN_INT_CONVERSION = YES;
				CLANG_WARN_NON_LITERAL_NULL_CONVERSION = YES;
				CLANG_WARN_OBJC_LITERAL_CONVERSION = YES;
				CLANG_WARN_OBJC_ROOT_CLASS = YES_ERROR;
				CLANG_WARN_RANGE_LOOP_ANALYSIS = YES;
				CLANG_WARN_STRICT_PROTOTYPES = YES;
				CLANG_WARN_SUSPICIOUS_MOVE = YES;
				CLANG_WARN_UNGUARDED_AVAILABILITY = YES_AGGRESSIVE;
				CLANG_WARN_UNREACHABLE_CODE = YES;
				CLANG_WARN__DUPLICATE_METHOD_MATCH = YES;
				CODE_SIGN_IDENTITY = "iPhone Developer";
				COPY_PHASE_STRIP = NO;
				DEBUG_INFORMATION_FORMAT = dwarf;
				ENABLE_STRICT_OBJC_MSGSEND = YES;
				ENABLE_TESTABILITY = YES;
				GCC_C_LANGUAGE_STANDARD = gnu11;
				GCC_DYNAMIC_NO_PIC = NO;
				GCC_NO_COMMON_BLOCKS = YES;
				GCC_OPTIMIZATION_LEVEL = 0;
				GCC_PREPROCESSOR_DEFINITIONS = (
					"DEBUG=1",
					"$(inherited)",
				);
				GCC_WARN_64_TO_32_BIT_CONVERSION = YES;
				GCC_WARN_ABOUT_RETURN_TYPE = YES_ERROR;
				GCC_WARN_UNDECLARED_SELECTOR = YES;
				GCC_WARN_UNINITIALIZED_AUTOS = YES_AGGRESSIVE;
				GCC_WARN_UNUSED_FUNCTION = YES;
				GCC_WARN_UNUSED_VARIABLE = YES;
				IPHONEOS_DEPLOYMENT_TARGET = 11.2;
				MTL_ENABLE_DEBUG_INFO = YES;
				ONLY_ACTIVE_ARCH = YES;
				SDKROOT = iphoneos;
				SWIFT_ACTIVE_COMPILATION_CONDITIONS = DEBUG;
				SWIFT_OPTIMIZATION_LEVEL = "-Onone";
			};
			name = Debug;
		};
		2A882725202AC7FE00209403 /* Release */ = {
			isa = XCBuildConfiguration;
			buildSettings = {
				ALWAYS_SEARCH_USER_PATHS = NO;
				CLANG_ANALYZER_NONNULL = YES;
				CLANG_ANALYZER_NUMBER_OBJECT_CONVERSION = YES_AGGRESSIVE;
				CLANG_CXX_LANGUAGE_STANDARD = "gnu++14";
				CLANG_CXX_LIBRARY = "libc++";
				CLANG_ENABLE_MODULES = YES;
				CLANG_ENABLE_OBJC_ARC = YES;
				CLANG_WARN_BLOCK_CAPTURE_AUTORELEASING = YES;
				CLANG_WARN_BOOL_CONVERSION = YES;
				CLANG_WARN_COMMA = YES;
				CLANG_WARN_CONSTANT_CONVERSION = YES;
				CLANG_WARN_DIRECT_OBJC_ISA_USAGE = YES_ERROR;
				CLANG_WARN_DOCUMENTATION_COMMENTS = YES;
				CLANG_WARN_EMPTY_BODY = YES;
				CLANG_WARN_ENUM_CONVERSION = YES;
				CLANG_WARN_INFINITE_RECURSION = YES;
				CLANG_WARN_INT_CONVERSION = YES;
				CLANG_WARN_NON_LITERAL_NULL_CONVERSION = YES;
				CLANG_WARN_OBJC_LITERAL_CONVERSION = YES;
				CLANG_WARN_OBJC_ROOT_CLASS = YES_ERROR;
				CLANG_WARN_RANGE_LOOP_ANALYSIS = YES;
				CLANG_WARN_STRICT_PROTOTYPES = YES;
				CLANG_WARN_SUSPICIOUS_MOVE = YES;
				CLANG_WARN_UNGUARDED_AVAILABILITY = YES_AGGRESSIVE;
				CLANG_WARN_UNREACHABLE_CODE = YES;
				CLANG_WARN__DUPLICATE_METHOD_MATCH = YES;
				CODE_SIGN_IDENTITY = "iPhone Developer";
				COPY_PHASE_STRIP = NO;
				DEBUG_INFORMATION_FORMAT = "dwarf-with-dsym";
				ENABLE_NS_ASSERTIONS = NO;
				ENABLE_STRICT_OBJC_MSGSEND = YES;
				GCC_C_LANGUAGE_STANDARD = gnu11;
				GCC_NO_COMMON_BLOCKS = YES;
				GCC_WARN_64_TO_32_BIT_CONVERSION = YES;
				GCC_WARN_ABOUT_RETURN_TYPE = YES_ERROR;
				GCC_WARN_UNDECLARED_SELECTOR = YES;
				GCC_WARN_UNINITIALIZED_AUTOS = YES_AGGRESSIVE;
				GCC_WARN_UNUSED_FUNCTION = YES;
				GCC_WARN_UNUSED_VARIABLE = YES;
				IPHONEOS_DEPLOYMENT_TARGET = 11.2;
				MTL_ENABLE_DEBUG_INFO = NO;
				SDKROOT = iphoneos;
				SWIFT_OPTIMIZATION_LEVEL = "-Owholemodule";
				VALIDATE_PRODUCT = YES;
			};
			name = Release;
		};
		2A882727202AC7FE00209403 /* Debug */ = {
			isa = XCBuildConfiguration;
			buildSettings = {
				ASSETCATALOG_COMPILER_APPICON_NAME = AppIcon;
				CODE_SIGN_STYLE = Automatic;
				DEVELOPMENT_TEAM = XB9YNJTZ2K;
				INFOPLIST_FILE = PlaceholderTextView/Info.plist;
				LD_RUNPATH_SEARCH_PATHS = "$(inherited) @executable_path/Frameworks";
				PRODUCT_BUNDLE_IDENTIFIER = ZY.PlaceholderTextView;
				PRODUCT_NAME = "$(TARGET_NAME)";
				SWIFT_VERSION = 4.0;
				TARGETED_DEVICE_FAMILY = "1,2";
			};
			name = Debug;
		};
		2A882728202AC7FE00209403 /* Release */ = {
			isa = XCBuildConfiguration;
			buildSettings = {
				ASSETCATALOG_COMPILER_APPICON_NAME = AppIcon;
				CODE_SIGN_STYLE = Automatic;
				DEVELOPMENT_TEAM = XB9YNJTZ2K;
				INFOPLIST_FILE = PlaceholderTextView/Info.plist;
				LD_RUNPATH_SEARCH_PATHS = "$(inherited) @executable_path/Frameworks";
				PRODUCT_BUNDLE_IDENTIFIER = ZY.PlaceholderTextView;
				PRODUCT_NAME = "$(TARGET_NAME)";
				SWIFT_VERSION = 4.0;
				TARGETED_DEVICE_FAMILY = "1,2";
			};
			name = Release;
		};
/* End XCBuildConfiguration section */

/* Begin XCConfigurationList section */
		2A88270F202AC7FE00209403 /* Build configuration list for PBXProject "PlaceholderTextView" */ = {
			isa = XCConfigurationList;
			buildConfigurations = (
				2A882724202AC7FE00209403 /* Debug */,
				2A882725202AC7FE00209403 /* Release */,
			);
			defaultConfigurationIsVisible = 0;
			defaultConfigurationName = Release;
		};
		2A882726202AC7FE00209403 /* Build configuration list for PBXNativeTarget "PlaceholderTextView" */ = {
			isa = XCConfigurationList;
			buildConfigurations = (
				2A882727202AC7FE00209403 /* Debug */,
				2A882728202AC7FE00209403 /* Release */,
			);
			defaultConfigurationIsVisible = 0;
			defaultConfigurationName = Release;
		};
/* End XCConfigurationList section */
	};
	rootObject = 2A88270C202AC7FE00209403 /* Project object */;
}
